
Microsoft Visual Studio Solution File, Format Version 12.00
# Visual Studio Version 17
VisualStudioVersion = 17.2.32516.85
MinimumVisualStudioVersion = 10.0.40219.1
Project("{FAE04EC0-301F-11D3-BF4B-00C04F79EFBC}") = "ConvertStickers", "ConvertStickers.csproj", "{2CE3AC7E-691E-4464-B115-E2BC3D2402C6}"
EndProject
Global
	GlobalSection(SolutionConfigurationPlatforms) = preSolution
		Debug|Any CPU = Debug|Any CPU
		Release|Any CPU = Release|Any CPU
	EndGlobalSection
	GlobalSection(ProjectConfigurationPlatforms) = postSolution
		{2CE3AC7E-691E-4464-B115-E2BC3D2402C6}.Debug|Any CPU.ActiveCfg = Debug|Any CPU
		{2CE3AC7E-691E-4464-B115-E2BC3D2402C6}.Debug|Any CPU.Build.0 = Debug|Any CPU
		{2CE3AC7E-691E-4464-B115-E2BC3D2402C6}.Release|Any CPU.ActiveCfg = Release|Any CPU
		{2CE3AC7E-691E-4464-B115-E2BC3D2402C6}.Release|Any CPU.Build.0 = Release|Any CPU
	EndGlobalSection
	GlobalSection(SolutionProperties) = preSolution
		HideSolutionNode = FALSE
	EndGlobalSection
	GlobalSection(ExtensibilityGlobals) = postSolution
		SolutionGuid = {AC56B623-0468-461E-B747-FCF06D26AB63}
	EndGlobalSection
EndGlobal
